
Microsoft Visual Studio Solution File, Format Version 12.00
# Visual Studio 15
VisualStudioVersion = 15.0.27130.2010
MinimumVisualStudioVersion = 10.0.40219.1
Project("{FAE04EC0-301F-11D3-BF4B-00C04F79EFBC}") = "Thulani", "Thulani\Thulani.csproj", "{C22E5F62-FDEC-4815-AF0B-B06924B48BDB}"
EndProject
Global
	GlobalSection(SolutionConfigurationPlatforms) = preSolution
		Debug|Any CPU = Debug|Any CPU
		Release|Any CPU = Release|Any CPU
	EndGlobalSection
	GlobalSection(ProjectConfigurationPlatforms) = postSolution
		{C22E5F62-FDEC-4815-AF0B-B06924B48BDB}.Debug|Any CPU.ActiveCfg = Debug|Any CPU
		{C22E5F62-FDEC-4815-AF0B-B06924B48BDB}.Debug|Any CPU.Build.0 = Debug|Any CPU
		{C22E5F62-FDEC-4815-AF0B-B06924B48BDB}.Debug|Any CPU.Deploy.0 = Debug|Any CPU
		{C22E5F62-FDEC-4815-AF0B-B06924B48BDB}.Release|Any CPU.ActiveCfg = Release|Any CPU
		{C22E5F62-FDEC-4815-AF0B-B06924B48BDB}.Release|Any CPU.Build.0 = Release|Any CPU
		{C22E5F62-FDEC-4815-AF0B-B06924B48BDB}.Release|Any CPU.Deploy.0 = Release|Any CPU
	EndGlobalSection
	GlobalSection(SolutionProperties) = preSolution
		HideSolutionNode = FALSE
	EndGlobalSection
	GlobalSection(ExtensibilityGlobals) = postSolution
		SolutionGuid = {1A7A884A-D278-48F4-8D40-2E0982B4AD5E}
	EndGlobalSection
EndGlobal
